# THIS IS AN AUTOGENERATED FILE. DO NOT EDIT THIS FILE DIRECTLY.
# yarn lockfile v1


"@types/google-apps-script@^1.0.20":
  version "1.0.22"
  resolved "https://registry.yarnpkg.com/@types/google-apps-script/-/google-apps-script-1.0.22.tgz#cda9d64a3df70306c7f780fc95f6a825472dc283"
  integrity sha512-PkzCcQfwe2UnNKg3GukrWnMeECt5XulIk0ONc6rZRgMroMs68KS673xQm0OK1ZhfNlfx+zCr3FK6QmCFi0kJQQ==
